
Microsoft Visual Studio Solution File, Format Version 12.00
# Visual Studio Version 17
VisualStudioVersion = 17.0.32002.185
MinimumVisualStudioVersion = 10.0.40219.1
Project("{FAE04EC0-301F-11D3-BF4B-00C04F79EFBC}") = "SimpleShopService", "SimpleShopService\SimpleShopService.csproj", "{398D93DB-42DE-4670-8AC7-BDCECD7F3B44}"
EndProject
Global
	GlobalSection(SolutionConfigurationPlatforms) = preSolution
		Debug|Any CPU = Debug|Any CPU
		Release|Any CPU = Release|Any CPU
	EndGlobalSection
	GlobalSection(ProjectConfigurationPlatforms) = postSolution
		{398D93DB-42DE-4670-8AC7-BDCECD7F3B44}.Debug|Any CPU.ActiveCfg = Debug|Any CPU
		{398D93DB-42DE-4670-8AC7-BDCECD7F3B44}.Debug|Any CPU.Build.0 = Debug|Any CPU
		{398D93DB-42DE-4670-8AC7-BDCECD7F3B44}.Release|Any CPU.ActiveCfg = Release|Any CPU
		{398D93DB-42DE-4670-8AC7-BDCECD7F3B44}.Release|Any CPU.Build.0 = Release|Any CPU
	EndGlobalSection
	GlobalSection(SolutionProperties) = preSolution
		HideSolutionNode = FALSE
	EndGlobalSection
	GlobalSection(ExtensibilityGlobals) = postSolution
		SolutionGuid = {D3A2964F-F09B-42F5-AFE0-CA19E7977517}
	EndGlobalSection
EndGlobal
